
Microsoft Visual Studio Solution File, Format Version 12.00
# Visual Studio 2012
Project("{FAE04EC0-301F-11D3-BF4B-00C04F79EFBC}") = "Golem.Tests.HPNN", "Golem.Tests.HPNN\Golem.Tests.HPNN.csproj", "{241B4E58-4CA3-4EBB-B915-52C20AB5F4E0}"
	ProjectSection(ProjectDependencies) = postProject
		{996F61C5-7F02-46D6-AC7B-60DBAD04128C} = {996F61C5-7F02-46D6-AC7B-60DBAD04128C}
	EndProjectSection
EndProject
Project("{FAE04EC0-301F-11D3-BF4B-00C04F79EFBC}") = "Golem.PageObjects.HPNN", "Golem.PageObjects.HPNN\Golem.PageObjects.HPNN.csproj", "{996F61C5-7F02-46D6-AC7B-60DBAD04128C}"
EndProject
Project("{2150E333-8FDC-42A3-9474-1A3956D46DE8}") = ".nuget", ".nuget", "{F70A6B39-11AF-4A9E-BCD4-8C5D60C9C420}"
	ProjectSection(SolutionItems) = preProject
		.nuget\NuGet.Config = .nuget\NuGet.Config
		.nuget\NuGet.exe = .nuget\NuGet.exe
		.nuget\NuGet.targets = .nuget\NuGet.targets
	EndProjectSection
EndProject
Global
	GlobalSection(SolutionConfigurationPlatforms) = preSolution
		Debug|Any CPU = Debug|Any CPU
		Release|Any CPU = Release|Any CPU
	EndGlobalSection
	GlobalSection(ProjectConfigurationPlatforms) = postSolution
		{241B4E58-4CA3-4EBB-B915-52C20AB5F4E0}.Debug|Any CPU.ActiveCfg = Debug|Any CPU
		{241B4E58-4CA3-4EBB-B915-52C20AB5F4E0}.Debug|Any CPU.Build.0 = Debug|Any CPU
		{241B4E58-4CA3-4EBB-B915-52C20AB5F4E0}.Release|Any CPU.ActiveCfg = Release|Any CPU
		{241B4E58-4CA3-4EBB-B915-52C20AB5F4E0}.Release|Any CPU.Build.0 = Release|Any CPU
		{996F61C5-7F02-46D6-AC7B-60DBAD04128C}.Debug|Any CPU.ActiveCfg = Debug|Any CPU
		{996F61C5-7F02-46D6-AC7B-60DBAD04128C}.Debug|Any CPU.Build.0 = Debug|Any CPU
		{996F61C5-7F02-46D6-AC7B-60DBAD04128C}.Release|Any CPU.ActiveCfg = Release|Any CPU
		{996F61C5-7F02-46D6-AC7B-60DBAD04128C}.Release|Any CPU.Build.0 = Release|Any CPU
	EndGlobalSection
	GlobalSection(SolutionProperties) = preSolution
		HideSolutionNode = FALSE
	EndGlobalSection
EndGlobal
